
Microsoft Visual Studio Solution File, Format Version 12.00
# Visual Studio Version 17
VisualStudioVersion = 17.7.34202.233
MinimumVisualStudioVersion = 10.0.40219.1
Project("{FAE04EC0-301F-11D3-BF4B-00C04F79EFBC}") = "CLINICA-ALPHAVILLE", "CLINICA-ALPHAVILLE.csproj", "{CEB83F3C-8C20-406C-827F-D6856574A37D}"
EndProject
Global
	GlobalSection(SolutionConfigurationPlatforms) = preSolution
		Debug|Any CPU = Debug|Any CPU
		Release|Any CPU = Release|Any CPU
	EndGlobalSection
	GlobalSection(ProjectConfigurationPlatforms) = postSolution
		{CEB83F3C-8C20-406C-827F-D6856574A37D}.Debug|Any CPU.ActiveCfg = Debug|Any CPU
		{CEB83F3C-8C20-406C-827F-D6856574A37D}.Debug|Any CPU.Build.0 = Debug|Any CPU
		{CEB83F3C-8C20-406C-827F-D6856574A37D}.Release|Any CPU.ActiveCfg = Release|Any CPU
		{CEB83F3C-8C20-406C-827F-D6856574A37D}.Release|Any CPU.Build.0 = Release|Any CPU
	EndGlobalSection
	GlobalSection(SolutionProperties) = preSolution
		HideSolutionNode = FALSE
	EndGlobalSection
	GlobalSection(ExtensibilityGlobals) = postSolution
		SolutionGuid = {7F11D167-F01E-4847-B140-91C7E0F994B3}
	EndGlobalSection
EndGlobal
